{
    "name": "opencode",
    "lockfileVersion": 3,
    "requires": true,
    "packages": {
        "": {
            "dependencies": {
                "@opencode-ai/plugin": "1.1.39"
            }
        },
        "node_modules/@opencode-ai/plugin": {
            "version": "1.1.39",
            "resolved": "https://registry.npmjs.org/@opencode-ai/plugin/-/plugin-1.1.39.tgz",
            "integrity": "sha512-PAdVYNZeRW9pCi4+t+Dp88hoPgEIiS5uJT31hUXLhZEfBvgaLNP38WhXwRNWbwSaNXudWOu/a5DzYNbU84uvHQ==",
            "license": "MIT",
            "dependencies": {
                "@opencode-ai/sdk": "1.1.39",
                "zod": "4.1.8"
            }
        },
        "node_modules/@opencode-ai/sdk": {
            "version": "1.1.39",
            "resolved": "https://registry.npmjs.org/@opencode-ai/sdk/-/sdk-1.1.39.tgz",
            "integrity": "sha512-EUYBZAci0bzG9+a7JVINmqAqis71ipG2/D3juvmvvKFyu0YBIT/6b+g3+p82Eb5CU2dujxpPdJJCaexZ1389eQ==",
            "license": "MIT"
        },
        "node_modules/zod": {
            "version": "4.1.8",
            "resolved": "https://registry.npmjs.org/zod/-/zod-4.1.8.tgz",
            "integrity": "sha512-5R1P+WwQqmmMIEACyzSvo4JXHY5WiAFHRMg+zBZKgKS+Q1viRa0C1hmUKtHltoIFKtIdki3pRxkmpP74jnNYHQ==",
            "license": "MIT",
            "funding": {
                "url": "https://github.com/sponsors/colinhacks"
            }
        }
    }
}
